// !$*UTF8*$!
{
	archiveVersion = 1;
	classes = {
	};
	objectVersion = 46;
	objects = {

/* Begin PBXBuildFile section */
		4D24A9991C19D38100EF6A51 /* main.m in Sources */ = {isa = PBXBuildFile; fileRef = 4D24A9981C19D38100EF6A51 /* main.m */; };
		4D24A99C1C19D38100EF6A51 /* AppDelegate.m in Sources */ = {isa = PBXBuildFile; fileRef = 4D24A99B1C19D38100EF6A51 /* AppDelegate.m */; };
		4D24A99F1C19D38100EF6A51 /* ViewController.m in Sources */ = {isa = PBXBuildFile; fileRef = 4D24A99E1C19D38100EF6A51 /* ViewController.m */; };
		4D24A9A21C19D38100EF6A51 /* Main.storyboard in Resources */ = {isa = PBXBuildFile; fileRef = 4D24A9A01C19D38100EF6A51 /* Main.storyboard */; };
		4D24A9A51C19D38100EF6A51 /* StockIOS.xcdatamodeld in Sources */ = {isa = PBXBuildFile; fileRef = 4D24A9A31C19D38100EF6A51 /* StockIOS.xcdatamodeld */; };
		4D24A9A71C19D38100EF6A51 /* Assets.xcassets in Resources */ = {isa = PBXBuildFile; fileRef = 4D24A9A61C19D38100EF6A51 /* Assets.xcassets */; };
		4D24A9AA1C19D38100EF6A51 /* LaunchScreen.storyboard in Resources */ = {isa = PBXBuildFile; fileRef = 4D24A9A81C19D38100EF6A51 /* LaunchScreen.storyboard */; };
		4D24A9B51C19D38100EF6A51 /* StockIOSTests.m in Sources */ = {isa = PBXBuildFile; fileRef = 4D24A9B41C19D38100EF6A51 /* StockIOSTests.m */; };
		4D24A9C01C19D38100EF6A51 /* StockIOSUITests.m in Sources */ = {isa = PBXBuildFile; fileRef = 4D24A9BF1C19D38100EF6A51 /* StockIOSUITests.m */; };
/* End PBXBuildFile section */

/* Begin PBXContainerItemProxy section */
		4D24A9B11C19D38100EF6A51 /* PBXContainerItemProxy */ = {
			isa = PBXContainerItemProxy;
			containerPortal = 4D24A98C1C19D38100EF6A51 /* Project object */;
			proxyType = 1;
			remoteGlobalIDString = 4D24A9931C19D38100EF6A51;
			remoteInfo = StockIOS;
		};
		4D24A9BC1C19D38100EF6A51 /* PBXContainerItemProxy */ = {
			isa = PBXContainerItemProxy;
			containerPortal = 4D24A98C1C19D38100EF6A51 /* Project object */;
			proxyType = 1;
			remoteGlobalIDString = 4D24A9931C19D38100EF6A51;
			remoteInfo = StockIOS;
		};
/* End PBXContainerItemProxy section */

/* Begin PBXFileReference section */
		4D24A9941C19D38100EF6A51 /* StockIOS.app */ = {isa = PBXFileReference; explicitFileType = wrapper.application; includeInIndex = 0; path = StockIOS.app; sourceTree = BUILT_PRODUCTS_DIR; };
		4D24A9981C19D38100EF6A51 /* main.m */ = {isa = PBXFileReference; lastKnownFileType = sourcecode.c.objc; path = main.m; sourceTree = "<group>"; };
		4D24A99A1C19D38100EF6A51 /* AppDelegate.h */ = {isa = PBXFileReference; lastKnownFileType = sourcecode.c.h; path = AppDelegate.h; sourceTree = "<group>"; };
		4D24A99B1C19D38100EF6A51 /* AppDelegate.m */ = {isa = PBXFileReference; lastKnownFileType = sourcecode.c.objc; path = AppDelegate.m; sourceTree = "<group>"; };
		4D24A99D1C19D38100EF6A51 /* ViewController.h */ = {isa = PBXFileReference; lastKnownFileType = sourcecode.c.h; path = ViewController.h; sourceTree = "<group>"; };
		4D24A99E1C19D38100EF6A51 /* ViewController.m */ = {isa = PBXFileReference; lastKnownFileType = sourcecode.c.objc; path = ViewController.m; sourceTree = "<group>"; };
		4D24A9A11C19D38100EF6A51 /* Base */ = {isa = PBXFileReference; lastKnownFileType = file.storyboard; name = Base; path = Base.lproj/Main.storyboard; sourceTree = "<group>"; };
		4D24A9A41C19D38100EF6A51 /* StockIOS.xcdatamodel */ = {isa = PBXFileReference; lastKnownFileType = wrapper.xcdatamodel; path = StockIOS.xcdatamodel; sourceTree = "<group>"; };
		4D24A9A61C19D38100EF6A51 /* Assets.xcassets */ = {isa = PBXFileReference; lastKnownFileType = folder.assetcatalog; path = Assets.xcassets; sourceTree = "<group>"; };
		4D24A9A91C19D38100EF6A51 /* Base */ = {isa = PBXFileReference; lastKnownFileType = file.storyboard; name = Base; path = Base.lproj/LaunchScreen.storyboard; sourceTree = "<group>"; };
		4D24A9AB1C19D38100EF6A51 /* Info.plist */ = {isa = PBXFileReference; lastKnownFileType = text.plist.xml; path = Info.plist; sourceTree = "<group>"; };
		4D24A9B01C19D38100EF6A51 /* StockIOSTests.xctest */ = {isa = PBXFileReference; explicitFileType = wrapper.cfbundle; includeInIndex = 0; path = StockIOSTests.xctest; sourceTree = BUILT_PRODUCTS_DIR; };
		4D24A9B41C19D38100EF6A51 /* StockIOSTests.m */ = {isa = PBXFileReference; lastKnownFileType = sourcecode.c.objc; path = StockIOSTests.m; sourceTree = "<group>"; };
		4D24A9B61C19D38100EF6A51 /* Info.plist */ = {isa = PBXFileReference; lastKnownFileType = text.plist.xml; path = Info.plist; sourceTree = "<group>"; };
		4D24A9BB1C19D38100EF6A51 /* StockIOSUITests.xctest */ = {isa = PBXFileReference; explicitFileType = wrapper.cfbundle; includeInIndex = 0; path = StockIOSUITests.xctest; sourceTree = BUILT_PRODUCTS_DIR; };
		4D24A9BF1C19D38100EF6A51 /* StockIOSUITests.m */ = {isa = PBXFileReference; lastKnownFileType = sourcecode.c.objc; path = StockIOSUITests.m; sourceTree = "<group>"; };
		4D24A9C11C19D38100EF6A51 /* Info.plist */ = {isa = PBXFileReference; lastKnownFileType = text.plist.xml; path = Info.plist; sourceTree = "<group>"; };
/* End PBXFileReference section */

/* Begin PBXFrameworksBuildPhase section */
		4D24A9911C19D38100EF6A51 /* Frameworks */ = {
			isa = PBXFrameworksBuildPhase;
			buildActionMask = 2147483647;
			files = (
			);
			runOnlyForDeploymentPostprocessing = 0;
		};
		4D24A9AD1C19D38100EF6A51 /* Frameworks */ = {
			isa = PBXFrameworksBuildPhase;
			buildActionMask = 2147483647;
			files = (
			);
			runOnlyForDeploymentPostprocessing = 0;
		};
		4D24A9B81C19D38100EF6A51 /* Frameworks */ = {
			isa = PBXFrameworksBuildPhase;
			buildActionMask = 2147483647;
			files = (
			);
			runOnlyForDeploymentPostprocessing = 0;
		};
/* End PBXFrameworksBuildPhase section */

/* Begin PBXGroup section */
		4D24A98B1C19D38100EF6A51 = {
			isa = PBXGroup;
			children = (
				4D24A9961C19D38100EF6A51 /* StockIOS */,
				4D24A9B31C19D38100EF6A51 /* StockIOSTests */,
				4D24A9BE1C19D38100EF6A51 /* StockIOSUITests */,
				4D24A9951C19D38100EF6A51 /* Products */,
			);
			sourceTree = "<group>";
		};
		4D24A9951C19D38100EF6A51 /* Products */ = {
			isa = PBXGroup;
			children = (
				4D24A9941C19D38100EF6A51 /* StockIOS.app */,
				4D24A9B01C19D38100EF6A51 /* StockIOSTests.xctest */,
				4D24A9BB1C19D38100EF6A51 /* StockIOSUITests.xctest */,
			);
			name = Products;
			sourceTree = "<group>";
		};
		4D24A9961C19D38100EF6A51 /* StockIOS */ = {
			isa = PBXGroup;
			children = (
				4D24A99A1C19D38100EF6A51 /* AppDelegate.h */,
				4D24A99B1C19D38100EF6A51 /* AppDelegate.m */,
				4D24A99D1C19D38100EF6A51 /* ViewController.h */,
				4D24A99E1C19D38100EF6A51 /* ViewController.m */,
				4D24A9A01C19D38100EF6A51 /* Main.storyboard */,
				4D24A9A61C19D38100EF6A51 /* Assets.xcassets */,
				4D24A9A81C19D38100EF6A51 /* LaunchScreen.storyboard */,
				4D24A9AB1C19D38100EF6A51 /* Info.plist */,
				4D24A9A31C19D38100EF6A51 /* StockIOS.xcdatamodeld */,
				4D24A9971C19D38100EF6A51 /* Supporting Files */,
			);
			path = StockIOS;
			sourceTree = "<group>";
		};
		4D24A9971C19D38100EF6A51 /* Supporting Files */ = {
			isa = PBXGroup;
			children = (
				4D24A9981C19D38100EF6A51 /* main.m */,
			);
			name = "Supporting Files";
			sourceTree = "<group>";
		};
		4D24A9B31C19D38100EF6A51 /* StockIOSTests */ = {
			isa = PBXGroup;
			children = (
				4D24A9B41C19D38100EF6A51 /* StockIOSTests.m */,
				4D24A9B61C19D38100EF6A51 /* Info.plist */,
			);
			path = StockIOSTests;
			sourceTree = "<group>";
		};
		4D24A9BE1C19D38100EF6A51 /* StockIOSUITests */ = {
			isa = PBXGroup;
			children = (
				4D24A9BF1C19D38100EF6A51 /* StockIOSUITests.m */,
				4D24A9C11C19D38100EF6A51 /* Info.plist */,
			);
			path = StockIOSUITests;
			sourceTree = "<group>";
		};
/* End PBXGroup section */

/* Begin PBXNativeTarget section */
		4D24A9931C19D38100EF6A51 /* StockIOS */ = {
			isa = PBXNativeTarget;
			buildConfigurationList = 4D24A9C41C19D38100EF6A51 /* Build configuration list for PBXNativeTarget "StockIOS" */;
			buildPhases = (
				4D24A9901C19D38100EF6A51 /* Sources */,
				4D24A9911C19D38100EF6A51 /* Frameworks */,
				4D24A9921C19D38100EF6A51 /* Resources */,
			);
			buildRules = (
			);
			dependencies = (
			);
			name = StockIOS;
			productName = StockIOS;
			productReference = 4D24A9941C19D38100EF6A51 /* StockIOS.app */;
			productType = "com.apple.product-type.application";
		};
		4D24A9AF1C19D38100EF6A51 /* StockIOSTests */ = {
			isa = PBXNativeTarget;
			buildConfigurationList = 4D24A9C71C19D38100EF6A51 /* Build configuration list for PBXNativeTarget "StockIOSTests" */;
			buildPhases = (
				4D24A9AC1C19D38100EF6A51 /* Sources */,
				4D24A9AD1C19D38100EF6A51 /* Frameworks */,
				4D24A9AE1C19D38100EF6A51 /* Resources */,
			);
			buildRules = (
			);
			dependencies = (
				4D24A9B21C19D38100EF6A51 /* PBXTargetDependency */,
			);
			name = StockIOSTests;
			productName = StockIOSTests;
			productReference = 4D24A9B01C19D38100EF6A51 /* StockIOSTests.xctest */;
			productType = "com.apple.product-type.bundle.unit-test";
		};
		4D24A9BA1C19D38100EF6A51 /* StockIOSUITests */ = {
			isa = PBXNativeTarget;
			buildConfigurationList = 4D24A9CA1C19D38100EF6A51 /* Build configuration list for PBXNativeTarget "StockIOSUITests" */;
			buildPhases = (
				4D24A9B71C19D38100EF6A51 /* Sources */,
				4D24A9B81C19D38100EF6A51 /* Frameworks */,
				4D24A9B91C19D38100EF6A51 /* Resources */,
			);
			buildRules = (
			);
			dependencies = (
				4D24A9BD1C19D38100EF6A51 /* PBXTargetDependency */,
			);
			name = StockIOSUITests;
			productName = StockIOSUITests;
			productReference = 4D24A9BB1C19D38100EF6A51 /* StockIOSUITests.xctest */;
			productType = "com.apple.product-type.bundle.ui-testing";
		};
/* End PBXNativeTarget section */

/* Begin PBXProject section */
		4D24A98C1C19D38100EF6A51 /* Project object */ = {
			isa = PBXProject;
			attributes = {
				LastUpgradeCheck = 0720;
				ORGANIZATIONNAME = bamboo;
				TargetAttributes = {
					4D24A9931C19D38100EF6A51 = {
						CreatedOnToolsVersion = 7.2;
					};
					4D24A9AF1C19D38100EF6A51 = {
						CreatedOnToolsVersion = 7.2;
						TestTargetID = 4D24A9931C19D38100EF6A51;
					};
					4D24A9BA1C19D38100EF6A51 = {
						CreatedOnToolsVersion = 7.2;
						TestTargetID = 4D24A9931C19D38100EF6A51;
					};
				};
			};
			buildConfigurationList = 4D24A98F1C19D38100EF6A51 /* Build configuration list for PBXProject "StockIOS" */;
			compatibilityVersion = "Xcode 3.2";
			developmentRegion = English;
			hasScannedForEncodings = 0;
			knownRegions = (
				en,
				Base,
			);
			mainGroup = 4D24A98B1C19D38100EF6A51;
			productRefGroup = 4D24A9951C19D38100EF6A51 /* Products */;
			projectDirPath = "";
			projectRoot = "";
			targets = (
				4D24A9931C19D38100EF6A51 /* StockIOS */,
				4D24A9AF1C19D38100EF6A51 /* StockIOSTests */,
				4D24A9BA1C19D38100EF6A51 /* StockIOSUITests */,
			);
		};
/* End PBXProject section */

/* Begin PBXResourcesBuildPhase section */
		4D24A9921C19D38100EF6A51 /* Resources */ = {
			isa = PBXResourcesBuildPhase;
			buildActionMask = 2147483647;
			files = (
				4D24A9AA1C19D38100EF6A51 /* LaunchScreen.storyboard in Resources */,
				4D24A9A71C19D38100EF6A51 /* Assets.xcassets in Resources */,
				4D24A9A21C19D38100EF6A51 /* Main.storyboard in Resources */,
			);
			runOnlyForDeploymentPostprocessing = 0;
		};
		4D24A9AE1C19D38100EF6A51 /* Resources */ = {
			isa = PBXResourcesBuildPhase;
			buildActionMask = 2147483647;
			files = (
			);
			runOnlyForDeploymentPostprocessing = 0;
		};
		4D24A9B91C19D38100EF6A51 /* Resources */ = {
			isa = PBXResourcesBuildPhase;
			buildActionMask = 2147483647;
			files = (
			);
			runOnlyForDeploymentPostprocessing = 0;
		};
/* End PBXResourcesBuildPhase section */

/* Begin PBXSourcesBuildPhase section */
		4D24A9901C19D38100EF6A51 /* Sources */ = {
			isa = PBXSourcesBuildPhase;
			buildActionMask = 2147483647;
			files = (
				4D24A9A51C19D38100EF6A51 /* StockIOS.xcdatamodeld in Sources */,
				4D24A99F1C19D38100EF6A51 /* ViewController.m in Sources */,
				4D24A99C1C19D38100EF6A51 /* AppDelegate.m in Sources */,
				4D24A9991C19D38100EF6A51 /* main.m in Sources */,
			);
			runOnlyForDeploymentPostprocessing = 0;
		};
		4D24A9AC1C19D38100EF6A51 /* Sources */ = {
			isa = PBXSourcesBuildPhase;
			buildActionMask = 2147483647;
			files = (
				4D24A9B51C19D38100EF6A51 /* StockIOSTests.m in Sources */,
			);
			runOnlyForDeploymentPostprocessing = 0;
		};
		4D24A9B71C19D38100EF6A51 /* Sources */ = {
			isa = PBXSourcesBuildPhase;
			buildActionMask = 2147483647;
			files = (
				4D24A9C01C19D38100EF6A51 /* StockIOSUITests.m in Sources */,
			);
			runOnlyForDeploymentPostprocessing = 0;
		};
/* End PBXSourcesBuildPhase section */

/* Begin PBXTargetDependency section */
		4D24A9B21C19D38100EF6A51 /* PBXTargetDependency */ = {
			isa = PBXTargetDependency;
			target = 4D24A9931C19D38100EF6A51 /* StockIOS */;
			targetProxy = 4D24A9B11C19D38100EF6A51 /* PBXContainerItemProxy */;
		};
		4D24A9BD1C19D38100EF6A51 /* PBXTargetDependency */ = {
			isa = PBXTargetDependency;
			target = 4D24A9931C19D38100EF6A51 /* StockIOS */;
			targetProxy = 4D24A9BC1C19D38100EF6A51 /* PBXContainerItemProxy */;
		};
/* End PBXTargetDependency section */

/* Begin PBXVariantGroup section */
		4D24A9A01C19D38100EF6A51 /* Main.storyboard */ = {
			isa = PBXVariantGroup;
			children = (
				4D24A9A11C19D38100EF6A51 /* Base */,
			);
			name = Main.storyboard;
			sourceTree = "<group>";
		};
		4D24A9A81C19D38100EF6A51 /* LaunchScreen.storyboard */ = {
			isa = PBXVariantGroup;
			children = (
				4D24A9A91C19D38100EF6A51 /* Base */,
			);
			name = LaunchScreen.storyboard;
			sourceTree = "<group>";
		};
/* End PBXVariantGroup section */

/* Begin XCBuildConfiguration section */
		4D24A9C21C19D38100EF6A51 /* Debug */ = {
			isa = XCBuildConfiguration;
			buildSettings = {
				ALWAYS_SEARCH_USER_PATHS = NO;
				CLANG_CXX_LANGUAGE_STANDARD = "gnu++0x";
				CLANG_CXX_LIBRARY = "libc++";
				CLANG_ENABLE_MODULES = YES;
				CLANG_ENABLE_OBJC_ARC = YES;
				CLANG_WARN_BOOL_CONVERSION = YES;
				CLANG_WARN_CONSTANT_CONVERSION = YES;
				CLANG_WARN_DIRECT_OBJC_ISA_USAGE = YES_ERROR;
				CLANG_WARN_EMPTY_BODY = YES;
				CLANG_WARN_ENUM_CONVERSION = YES;
				CLANG_WARN_INT_CONVERSION = YES;
				CLANG_WARN_OBJC_ROOT_CLASS = YES_ERROR;
				CLANG_WARN_UNREACHABLE_CODE = YES;
				CLANG_WARN__DUPLICATE_METHOD_MATCH = YES;
				"CODE_SIGN_IDENTITY[sdk=iphoneos*]" = "iPhone Developer";
				COPY_PHASE_STRIP = NO;
				DEBUG_INFORMATION_FORMAT = dwarf;
				ENABLE_STRICT_OBJC_MSGSEND = YES;
				ENABLE_TESTABILITY = YES;
				GCC_C_LANGUAGE_STANDARD = gnu99;
				GCC_DYNAMIC_NO_PIC = NO;
				GCC_NO_COMMON_BLOCKS = YES;
				GCC_OPTIMIZATION_LEVEL = 0;
				GCC_PREPROCESSOR_DEFINITIONS = (
					"DEBUG=1",
					"$(inherited)",
				);
				GCC_WARN_64_TO_32_BIT_CONVERSION = YES;
				GCC_WARN_ABOUT_RETURN_TYPE = YES_ERROR;
				GCC_WARN_UNDECLARED_SELECTOR = YES;
				GCC_WARN_UNINITIALIZED_AUTOS = YES_AGGRESSIVE;
				GCC_WARN_UNUSED_FUNCTION = YES;
				GCC_WARN_UNUSED_VARIABLE = YES;
				IPHONEOS_DEPLOYMENT_TARGET = 9.2;
				MTL_ENABLE_DEBUG_INFO = YES;
				ONLY_ACTIVE_ARCH = YES;
				SDKROOT = iphoneos;
				TARGETED_DEVICE_FAMILY = "1,2";
			};
			name = Debug;
		};
		4D24A9C31C19D38100EF6A51 /* Release */ = {
			isa = XCBuildConfiguration;
			buildSettings = {
				ALWAYS_SEARCH_USER_PATHS = NO;
				CLANG_CXX_LANGUAGE_STANDARD = "gnu++0x";
				CLANG_CXX_LIBRARY = "libc++";
				CLANG_ENABLE_MODULES = YES;
				CLANG_ENABLE_OBJC_ARC = YES;
				CLANG_WARN_BOOL_CONVERSION = YES;
				CLANG_WARN_CONSTANT_CONVERSION = YES;
				CLANG_WARN_DIRECT_OBJC_ISA_USAGE = YES_ERROR;
				CLANG_WARN_EMPTY_BODY = YES;
				CLANG_WARN_ENUM_CONVERSION = YES;
				CLANG_WARN_INT_CONVERSION = YES;
				CLANG_WARN_OBJC_ROOT_CLASS = YES_ERROR;
				CLANG_WARN_UNREACHABLE_CODE = YES;
				CLANG_WARN__DUPLICATE_METHOD_MATCH = YES;
				"CODE_SIGN_IDENTITY[sdk=iphoneos*]" = "iPhone Developer";
				COPY_PHASE_STRIP = NO;
				DEBUG_INFORMATION_FORMAT = "dwarf-with-dsym";
				ENABLE_NS_ASSERTIONS = NO;
				ENABLE_STRICT_OBJC_MSGSEND = YES;
				GCC_C_LANGUAGE_STANDARD = gnu99;
				GCC_NO_COMMON_BLOCKS = YES;
				GCC_WARN_64_TO_32_BIT_CONVERSION = YES;
				GCC_WARN_ABOUT_RETURN_TYPE = YES_ERROR;
				GCC_WARN_UNDECLARED_SELECTOR = YES;
				GCC_WARN_UNINITIALIZED_AUTOS = YES_AGGRESSIVE;
				GCC_WARN_UNUSED_FUNCTION = YES;
				GCC_WARN_UNUSED_VARIABLE = YES;
				IPHONEOS_DEPLOYMENT_TARGET = 9.2;
				MTL_ENABLE_DEBUG_INFO = NO;
				SDKROOT = iphoneos;
				TARGETED_DEVICE_FAMILY = "1,2";
				VALIDATE_PRODUCT = YES;
			};
			name = Release;
		};
		4D24A9C51C19D38100EF6A51 /* Debug */ = {
			isa = XCBuildConfiguration;
			buildSettings = {
				ASSETCATALOG_COMPILER_APPICON_NAME = AppIcon;
				INFOPLIST_FILE = StockIOS/Info.plist;
				LD_RUNPATH_SEARCH_PATHS = "$(inherited) @executable_path/Frameworks";
				PRODUCT_BUNDLE_IDENTIFIER = "-98806.StockIOS";
				PRODUCT_NAME = "$(TARGET_NAME)";
			};
			name = Debug;
		};
		4D24A9C61C19D38100EF6A51 /* Release */ = {
			isa = XCBuildConfiguration;
			buildSettings = {
				ASSETCATALOG_COMPILER_APPICON_NAME = AppIcon;
				INFOPLIST_FILE = StockIOS/Info.plist;
				LD_RUNPATH_SEARCH_PATHS = "$(inherited) @executable_path/Frameworks";
				PRODUCT_BUNDLE_IDENTIFIER = "-98806.StockIOS";
				PRODUCT_NAME = "$(TARGET_NAME)";
			};
			name = Release;
		};
		4D24A9C81C19D38100EF6A51 /* Debug */ = {
			isa = XCBuildConfiguration;
			buildSettings = {
				BUNDLE_LOADER = "$(TEST_HOST)";
				INFOPLIST_FILE = StockIOSTests/Info.plist;
				LD_RUNPATH_SEARCH_PATHS = "$(inherited) @executable_path/Frameworks @loader_path/Frameworks";
				PRODUCT_BUNDLE_IDENTIFIER = "-98806.StockIOSTests";
				PRODUCT_NAME = "$(TARGET_NAME)";
				TEST_HOST = "$(BUILT_PRODUCTS_DIR)/StockIOS.app/StockIOS";
			};
			name = Debug;
		};
		4D24A9C91C19D38100EF6A51 /* Release */ = {
			isa = XCBuildConfiguration;
			buildSettings = {
				BUNDLE_LOADER = "$(TEST_HOST)";
				INFOPLIST_FILE = StockIOSTests/Info.plist;
				LD_RUNPATH_SEARCH_PATHS = "$(inherited) @executable_path/Frameworks @loader_path/Frameworks";
				PRODUCT_BUNDLE_IDENTIFIER = "-98806.StockIOSTests";
				PRODUCT_NAME = "$(TARGET_NAME)";
				TEST_HOST = "$(BUILT_PRODUCTS_DIR)/StockIOS.app/StockIOS";
			};
			name = Release;
		};
		4D24A9CB1C19D38100EF6A51 /* Debug */ = {
			isa = XCBuildConfiguration;
			buildSettings = {
				INFOPLIST_FILE = StockIOSUITests/Info.plist;
				LD_RUNPATH_SEARCH_PATHS = "$(inherited) @executable_path/Frameworks @loader_path/Frameworks";
				PRODUCT_BUNDLE_IDENTIFIER = "-98806.StockIOSUITests";
				PRODUCT_NAME = "$(TARGET_NAME)";
				TEST_TARGET_NAME = StockIOS;
				USES_XCTRUNNER = YES;
			};
			name = Debug;
		};
		4D24A9CC1C19D38100EF6A51 /* Release */ = {
			isa = XCBuildConfiguration;
			buildSettings = {
				INFOPLIST_FILE = StockIOSUITests/Info.plist;
				LD_RUNPATH_SEARCH_PATHS = "$(inherited) @executable_path/Frameworks @loader_path/Frameworks";
				PRODUCT_BUNDLE_IDENTIFIER = "-98806.StockIOSUITests";
				PRODUCT_NAME = "$(TARGET_NAME)";
				TEST_TARGET_NAME = StockIOS;
				USES_XCTRUNNER = YES;
			};
			name = Release;
		};
/* End XCBuildConfiguration section */

/* Begin XCConfigurationList section */
		4D24A98F1C19D38100EF6A51 /* Build configuration list for PBXProject "StockIOS" */ = {
			isa = XCConfigurationList;
			buildConfigurations = (
				4D24A9C21C19D38100EF6A51 /* Debug */,
				4D24A9C31C19D38100EF6A51 /* Release */,
			);
			defaultConfigurationIsVisible = 0;
			defaultConfigurationName = Release;
		};
		4D24A9C41C19D38100EF6A51 /* Build configuration list for PBXNativeTarget "StockIOS" */ = {
			isa = XCConfigurationList;
			buildConfigurations = (
				4D24A9C51C19D38100EF6A51 /* Debug */,
				4D24A9C61C19D38100EF6A51 /* Release */,
			);
			defaultConfigurationIsVisible = 0;
		};
		4D24A9C71C19D38100EF6A51 /* Build configuration list for PBXNativeTarget "StockIOSTests" */ = {
			isa = XCConfigurationList;
			buildConfigurations = (
				4D24A9C81C19D38100EF6A51 /* Debug */,
				4D24A9C91C19D38100EF6A51 /* Release */,
			);
			defaultConfigurationIsVisible = 0;
		};
		4D24A9CA1C19D38100EF6A51 /* Build configuration list for PBXNativeTarget "StockIOSUITests" */ = {
			isa = XCConfigurationList;
			buildConfigurations = (
				4D24A9CB1C19D38100EF6A51 /* Debug */,
				4D24A9CC1C19D38100EF6A51 /* Release */,
			);
			defaultConfigurationIsVisible = 0;
		};
/* End XCConfigurationList section */

/* Begin XCVersionGroup section */
		4D24A9A31C19D38100EF6A51 /* StockIOS.xcdatamodeld */ = {
			isa = XCVersionGroup;
			children = (
				4D24A9A41C19D38100EF6A51 /* StockIOS.xcdatamodel */,
			);
			currentVersion = 4D24A9A41C19D38100EF6A51 /* StockIOS.xcdatamodel */;
			path = StockIOS.xcdatamodeld;
			sourceTree = "<group>";
			versionGroupType = wrapper.xcdatamodel;
		};
/* End XCVersionGroup section */
	};
	rootObject = 4D24A98C1C19D38100EF6A51 /* Project object */;
}
